
Microsoft Visual Studio Solution File, Format Version 12.00
# Visual Studio Version 17
VisualStudioVersion = 17.5.33530.505
MinimumVisualStudioVersion = 10.0.40219.1
Project("{9A19103F-16F7-4668-BE54-9A1E7A4F7556}") = "Blazor_SignalR_wasm", "Blazor_SignalR_wasm\Blazor_SignalR_wasm.csproj", "{407A4C2E-E647-41E1-96E4-4521D0F06BE8}"
EndProject
Project("{FAE04EC0-301F-11D3-BF4B-00C04F79EFBC}") = "FunctionApp1", "FunctionApp1\FunctionApp1.csproj", "{2B0C6EF4-9F82-4C21-8413-8685AF091ED1}"
EndProject
Global
	GlobalSection(SolutionConfigurationPlatforms) = preSolution
		Debug|Any CPU = Debug|Any CPU
		Release|Any CPU = Release|Any CPU
	EndGlobalSection
	GlobalSection(ProjectConfigurationPlatforms) = postSolution
		{407A4C2E-E647-41E1-96E4-4521D0F06BE8}.Debug|Any CPU.ActiveCfg = Debug|Any CPU
		{407A4C2E-E647-41E1-96E4-4521D0F06BE8}.Debug|Any CPU.Build.0 = Debug|Any CPU
		{407A4C2E-E647-41E1-96E4-4521D0F06BE8}.Release|Any CPU.ActiveCfg = Release|Any CPU
		{407A4C2E-E647-41E1-96E4-4521D0F06BE8}.Release|Any CPU.Build.0 = Release|Any CPU
		{2B0C6EF4-9F82-4C21-8413-8685AF091ED1}.Debug|Any CPU.ActiveCfg = Debug|Any CPU
		{2B0C6EF4-9F82-4C21-8413-8685AF091ED1}.Debug|Any CPU.Build.0 = Debug|Any CPU
		{2B0C6EF4-9F82-4C21-8413-8685AF091ED1}.Release|Any CPU.ActiveCfg = Release|Any CPU
		{2B0C6EF4-9F82-4C21-8413-8685AF091ED1}.Release|Any CPU.Build.0 = Release|Any CPU
	EndGlobalSection
	GlobalSection(SolutionProperties) = preSolution
		HideSolutionNode = FALSE
	EndGlobalSection
	GlobalSection(ExtensibilityGlobals) = postSolution
		SolutionGuid = {4EB1B2D0-D9BD-4392-B225-0FDF31F06107}
	EndGlobalSection
EndGlobal
